// !$*UTF8*$!
{
	archiveVersion = 1;
	classes = {
	};
	objectVersion = 46;
	objects = {

/* Begin PBXBuildFile section */
		3383F1D31DCBE9D900A70DDC /* Globals.swift in Sources */ = {isa = PBXBuildFile; fileRef = 3383F1D21DCBE9D900A70DDC /* Globals.swift */; };
		33DE2A101DBF091B00D27B3A /* AppDelegate.swift in Sources */ = {isa = PBXBuildFile; fileRef = 33DE2A0F1DBF091B00D27B3A /* AppDelegate.swift */; };
		33DE2A121DBF091B00D27B3A /* ViewController.swift in Sources */ = {isa = PBXBuildFile; fileRef = 33DE2A111DBF091B00D27B3A /* ViewController.swift */; };
		33DE2A151DBF091B00D27B3A /* Main.storyboard in Resources */ = {isa = PBXBuildFile; fileRef = 33DE2A131DBF091B00D27B3A /* Main.storyboard */; };
		33DE2A171DBF091B00D27B3A /* Assets.xcassets in Resources */ = {isa = PBXBuildFile; fileRef = 33DE2A161DBF091B00D27B3A /* Assets.xcassets */; };
		33DE2A1A1DBF091B00D27B3A /* LaunchScreen.storyboard in Resources */ = {isa = PBXBuildFile; fileRef = 33DE2A181DBF091B00D27B3A /* LaunchScreen.storyboard */; };
		33DE2A221DBFBB7D00D27B3A /* ParadasViewController.swift in Sources */ = {isa = PBXBuildFile; fileRef = 33DE2A211DBFBB7D00D27B3A /* ParadasViewController.swift */; };
		33DE2A241DBFBE5D00D27B3A /* AppController.swift in Sources */ = {isa = PBXBuildFile; fileRef = 33DE2A231DBFBE5D00D27B3A /* AppController.swift */; };
		33DE2A281DBFD64900D27B3A /* LoginViewController.swift in Sources */ = {isa = PBXBuildFile; fileRef = 33DE2A271DBFD64900D27B3A /* LoginViewController.swift */; };
		8BD022411CDE5B005507C320 /* Pods_circuito.framework in Frameworks */ = {isa = PBXBuildFile; fileRef = E003EBCF1E498589F44EC446 /* Pods_circuito.framework */; };
		FA0764591DCB1B24004D8E1A /* Property List Paradas.plist in Resources */ = {isa = PBXBuildFile; fileRef = FA0764581DCB1B24004D8E1A /* Property List Paradas.plist */; };
		FA07645B1DCB3B6E004D8E1A /* Property List Ruta Hosp.plist in Resources */ = {isa = PBXBuildFile; fileRef = FA07645A1DCB3B6E004D8E1A /* Property List Ruta Hosp.plist */; };
		FA19610A1DE55884009E89CA /* InfoViewController.swift in Sources */ = {isa = PBXBuildFile; fileRef = FA1961091DE55883009E89CA /* InfoViewController.swift */; };
		FA19610C1DE558D9009E89CA /* NavController.swift in Sources */ = {isa = PBXBuildFile; fileRef = FA19610B1DE558D9009E89CA /* NavController.swift */; };
		FA19610E1DE558ED009E89CA /* TabController.swift in Sources */ = {isa = PBXBuildFile; fileRef = FA19610D1DE558ED009E89CA /* TabController.swift */; };
		FB061C6D1DE3D2AE00C21685 /* holanuevo.kml in Resources */ = {isa = PBXBuildFile; fileRef = FB061C6C1DE3D2AE00C21685 /* holanuevo.kml */; };
/* End PBXBuildFile section */

/* Begin PBXFileReference section */
		0F507244AE70394263901BFE /* Pods-circuito.release.xcconfig */ = {isa = PBXFileReference; includeInIndex = 1; lastKnownFileType = text.xcconfig; name = "Pods-circuito.release.xcconfig"; path = "Pods/Target Support Files/Pods-circuito/Pods-circuito.release.xcconfig"; sourceTree = "<group>"; };
		3383F1D21DCBE9D900A70DDC /* Globals.swift */ = {isa = PBXFileReference; fileEncoding = 4; lastKnownFileType = sourcecode.swift; path = Globals.swift; sourceTree = "<group>"; };
		33DE2A0C1DBF091B00D27B3A /* circuito.app */ = {isa = PBXFileReference; explicitFileType = wrapper.application; includeInIndex = 0; path = circuito.app; sourceTree = BUILT_PRODUCTS_DIR; };
		33DE2A0F1DBF091B00D27B3A /* AppDelegate.swift */ = {isa = PBXFileReference; lastKnownFileType = sourcecode.swift; path = AppDelegate.swift; sourceTree = "<group>"; };
		33DE2A111DBF091B00D27B3A /* ViewController.swift */ = {isa = PBXFileReference; lastKnownFileType = sourcecode.swift; path = ViewController.swift; sourceTree = "<group>"; };
		33DE2A141DBF091B00D27B3A /* Base */ = {isa = PBXFileReference; lastKnownFileType = file.storyboard; name = Base; path = Base.lproj/Main.storyboard; sourceTree = "<group>"; };
		33DE2A161DBF091B00D27B3A /* Assets.xcassets */ = {isa = PBXFileReference; lastKnownFileType = folder.assetcatalog; path = Assets.xcassets; sourceTree = "<group>"; };
		33DE2A191DBF091B00D27B3A /* Base */ = {isa = PBXFileReference; lastKnownFileType = file.storyboard; name = Base; path = Base.lproj/LaunchScreen.storyboard; sourceTree = "<group>"; };
		33DE2A1B1DBF091B00D27B3A /* Info.plist */ = {isa = PBXFileReference; lastKnownFileType = text.plist.xml; path = Info.plist; sourceTree = "<group>"; };
		33DE2A211DBFBB7D00D27B3A /* ParadasViewController.swift */ = {isa = PBXFileReference; fileEncoding = 4; lastKnownFileType = sourcecode.swift; path = ParadasViewController.swift; sourceTree = "<group>"; };
		33DE2A231DBFBE5D00D27B3A /* AppController.swift */ = {isa = PBXFileReference; fileEncoding = 4; lastKnownFileType = sourcecode.swift; path = AppController.swift; sourceTree = "<group>"; };
		33DE2A271DBFD64900D27B3A /* LoginViewController.swift */ = {isa = PBXFileReference; fileEncoding = 4; lastKnownFileType = sourcecode.swift; path = LoginViewController.swift; sourceTree = "<group>"; };
		E003EBCF1E498589F44EC446 /* Pods_circuito.framework */ = {isa = PBXFileReference; explicitFileType = wrapper.framework; includeInIndex = 0; path = Pods_circuito.framework; sourceTree = BUILT_PRODUCTS_DIR; };
		FA0764581DCB1B24004D8E1A /* Property List Paradas.plist */ = {isa = PBXFileReference; fileEncoding = 4; lastKnownFileType = text.plist.xml; path = "Property List Paradas.plist"; sourceTree = "<group>"; };
		FA07645A1DCB3B6E004D8E1A /* Property List Ruta Hosp.plist */ = {isa = PBXFileReference; fileEncoding = 4; lastKnownFileType = text.plist.xml; path = "Property List Ruta Hosp.plist"; sourceTree = "<group>"; };
		FA1961091DE55883009E89CA /* InfoViewController.swift */ = {isa = PBXFileReference; fileEncoding = 4; lastKnownFileType = sourcecode.swift; path = InfoViewController.swift; sourceTree = "<group>"; };
		FA19610B1DE558D9009E89CA /* NavController.swift */ = {isa = PBXFileReference; fileEncoding = 4; lastKnownFileType = sourcecode.swift; path = NavController.swift; sourceTree = "<group>"; };
		FA19610D1DE558ED009E89CA /* TabController.swift */ = {isa = PBXFileReference; fileEncoding = 4; lastKnownFileType = sourcecode.swift; path = TabController.swift; sourceTree = "<group>"; };
		FB061C6C1DE3D2AE00C21685 /* holanuevo.kml */ = {isa = PBXFileReference; fileEncoding = 4; lastKnownFileType = text.xml; path = holanuevo.kml; sourceTree = "<group>"; };
		FC901EC9C7D681334833049F /* Pods-circuito.debug.xcconfig */ = {isa = PBXFileReference; includeInIndex = 1; lastKnownFileType = text.xcconfig; name = "Pods-circuito.debug.xcconfig"; path = "Pods/Target Support Files/Pods-circuito/Pods-circuito.debug.xcconfig"; sourceTree = "<group>"; };
/* End PBXFileReference section */

/* Begin PBXFrameworksBuildPhase section */
		33DE2A091DBF091B00D27B3A /* Frameworks */ = {
			isa = PBXFrameworksBuildPhase;
			buildActionMask = 2147483647;
			files = (
				8BD022411CDE5B005507C320 /* Pods_circuito.framework in Frameworks */,
			);
			runOnlyForDeploymentPostprocessing = 0;
		};
/* End PBXFrameworksBuildPhase section */

/* Begin PBXGroup section */
		33DE2A031DBF091B00D27B3A = {
			isa = PBXGroup;
			children = (
				33DE2A0E1DBF091B00D27B3A /* circuito */,
				33DE2A0D1DBF091B00D27B3A /* Products */,
				D0B87CC6F31C3FBA640F62FF /* Pods */,
				F1E8018D4B84915EB4589132 /* Frameworks */,
			);
			sourceTree = "<group>";
		};
		33DE2A0D1DBF091B00D27B3A /* Products */ = {
			isa = PBXGroup;
			children = (
				33DE2A0C1DBF091B00D27B3A /* circuito.app */,
			);
			name = Products;
			sourceTree = "<group>";
		};
		33DE2A0E1DBF091B00D27B3A /* circuito */ = {
			isa = PBXGroup;
			children = (
				33DE2A0F1DBF091B00D27B3A /* AppDelegate.swift */,
				33DE2A111DBF091B00D27B3A /* ViewController.swift */,
				3383F1D21DCBE9D900A70DDC /* Globals.swift */,
				33DE2A131DBF091B00D27B3A /* Main.storyboard */,
				FA19610B1DE558D9009E89CA /* NavController.swift */,
				FA19610D1DE558ED009E89CA /* TabController.swift */,
				FA1961091DE55883009E89CA /* InfoViewController.swift */,
				33DE2A271DBFD64900D27B3A /* LoginViewController.swift */,
				33DE2A211DBFBB7D00D27B3A /* ParadasViewController.swift */,
				33DE2A161DBF091B00D27B3A /* Assets.xcassets */,
				33DE2A181DBF091B00D27B3A /* LaunchScreen.storyboard */,
				33DE2A1B1DBF091B00D27B3A /* Info.plist */,
				FA0764581DCB1B24004D8E1A /* Property List Paradas.plist */,
				FA07645A1DCB3B6E004D8E1A /* Property List Ruta Hosp.plist */,
				33DE2A231DBFBE5D00D27B3A /* AppController.swift */,
				FB061C6C1DE3D2AE00C21685 /* holanuevo.kml */,
			);
			path = circuito;
			sourceTree = "<group>";
		};
		D0B87CC6F31C3FBA640F62FF /* Pods */ = {
			isa = PBXGroup;
			children = (
				FC901EC9C7D681334833049F /* Pods-circuito.debug.xcconfig */,
				0F507244AE70394263901BFE /* Pods-circuito.release.xcconfig */,
			);
			name = Pods;
			sourceTree = "<group>";
		};
		F1E8018D4B84915EB4589132 /* Frameworks */ = {
			isa = PBXGroup;
			children = (
				E003EBCF1E498589F44EC446 /* Pods_circuito.framework */,
			);
			name = Frameworks;
			sourceTree = "<group>";
		};
/* End PBXGroup section */

/* Begin PBXNativeTarget section */
		33DE2A0B1DBF091B00D27B3A /* circuito */ = {
			isa = PBXNativeTarget;
			buildConfigurationList = 33DE2A1E1DBF091B00D27B3A /* Build configuration list for PBXNativeTarget "circuito" */;
			buildPhases = (
				742CF1C5C98DE54E8C3F0BC2 /* [CP] Check Pods Manifest.lock */,
				33DE2A081DBF091B00D27B3A /* Sources */,
				33DE2A091DBF091B00D27B3A /* Frameworks */,
				33DE2A0A1DBF091B00D27B3A /* Resources */,
				E830CEC7C8F128B31FF5E8DE /* [CP] Embed Pods Frameworks */,
				51F5A0B72EEC0A9DDFB78CCA /* [CP] Copy Pods Resources */,
			);
			buildRules = (
			);
			dependencies = (
			);
			name = circuito;
			productName = circuito;
			productReference = 33DE2A0C1DBF091B00D27B3A /* circuito.app */;
			productType = "com.apple.product-type.application";
		};
/* End PBXNativeTarget section */

/* Begin PBXProject section */
		33DE2A041DBF091B00D27B3A /* Project object */ = {
			isa = PBXProject;
			attributes = {
				LastSwiftUpdateCheck = 0800;
				LastUpgradeCheck = 0810;
				ORGANIZATIONNAME = "Hector Rincon";
				TargetAttributes = {
					33DE2A0B1DBF091B00D27B3A = {
						CreatedOnToolsVersion = 8.0;
						DevelopmentTeam = 6N44926E3E;
						ProvisioningStyle = Automatic;
					};
				};
			};
			buildConfigurationList = 33DE2A071DBF091B00D27B3A /* Build configuration list for PBXProject "circuito" */;
			compatibilityVersion = "Xcode 3.2";
			developmentRegion = English;
			hasScannedForEncodings = 0;
			knownRegions = (
				en,
				Base,
			);
			mainGroup = 33DE2A031DBF091B00D27B3A;
			productRefGroup = 33DE2A0D1DBF091B00D27B3A /* Products */;
			projectDirPath = "";
			projectRoot = "";
			targets = (
				33DE2A0B1DBF091B00D27B3A /* circuito */,
			);
		};
/* End PBXProject section */

/* Begin PBXResourcesBuildPhase section */
		33DE2A0A1DBF091B00D27B3A /* Resources */ = {
			isa = PBXResourcesBuildPhase;
			buildActionMask = 2147483647;
			files = (
				FB061C6D1DE3D2AE00C21685 /* holanuevo.kml in Resources */,
				33DE2A1A1DBF091B00D27B3A /* LaunchScreen.storyboard in Resources */,
				33DE2A171DBF091B00D27B3A /* Assets.xcassets in Resources */,
				FA07645B1DCB3B6E004D8E1A /* Property List Ruta Hosp.plist in Resources */,
				FA0764591DCB1B24004D8E1A /* Property List Paradas.plist in Resources */,
				33DE2A151DBF091B00D27B3A /* Main.storyboard in Resources */,
			);
			runOnlyForDeploymentPostprocessing = 0;
		};
/* End PBXResourcesBuildPhase section */

/* Begin PBXShellScriptBuildPhase section */
		51F5A0B72EEC0A9DDFB78CCA /* [CP] Copy Pods Resources */ = {
			isa = PBXShellScriptBuildPhase;
			buildActionMask = 2147483647;
			files = (
			);
			inputPaths = (
			);
			name = "[CP] Copy Pods Resources";
			outputPaths = (
			);
			runOnlyForDeploymentPostprocessing = 0;
			shellPath = /bin/sh;
			shellScript = "\"${SRCROOT}/Pods/Target Support Files/Pods-circuito/Pods-circuito-resources.sh\"\n";
			showEnvVarsInLog = 0;
		};
		742CF1C5C98DE54E8C3F0BC2 /* [CP] Check Pods Manifest.lock */ = {
			isa = PBXShellScriptBuildPhase;
			buildActionMask = 2147483647;
			files = (
			);
			inputPaths = (
			);
			name = "[CP] Check Pods Manifest.lock";
			outputPaths = (
			);
			runOnlyForDeploymentPostprocessing = 0;
			shellPath = /bin/sh;
			shellScript = "diff \"${PODS_ROOT}/../Podfile.lock\" \"${PODS_ROOT}/Manifest.lock\" > /dev/null\nif [ $? != 0 ] ; then\n    # print error to STDERR\n    echo \"error: The sandbox is not in sync with the Podfile.lock. Run 'pod install' or update your CocoaPods installation.\" >&2\n    exit 1\nfi\n";
			showEnvVarsInLog = 0;
		};
		E830CEC7C8F128B31FF5E8DE /* [CP] Embed Pods Frameworks */ = {
			isa = PBXShellScriptBuildPhase;
			buildActionMask = 2147483647;
			files = (
			);
			inputPaths = (
			);
			name = "[CP] Embed Pods Frameworks";
			outputPaths = (
			);
			runOnlyForDeploymentPostprocessing = 0;
			shellPath = /bin/sh;
			shellScript = "\"${SRCROOT}/Pods/Target Support Files/Pods-circuito/Pods-circuito-frameworks.sh\"\n";
			showEnvVarsInLog = 0;
		};
/* End PBXShellScriptBuildPhase section */

/* Begin PBXSourcesBuildPhase section */
		33DE2A081DBF091B00D27B3A /* Sources */ = {
			isa = PBXSourcesBuildPhase;
			buildActionMask = 2147483647;
			files = (
				33DE2A121DBF091B00D27B3A /* ViewController.swift in Sources */,
				33DE2A101DBF091B00D27B3A /* AppDelegate.swift in Sources */,
				3383F1D31DCBE9D900A70DDC /* Globals.swift in Sources */,
				FA19610A1DE55884009E89CA /* InfoViewController.swift in Sources */,
				33DE2A221DBFBB7D00D27B3A /* ParadasViewController.swift in Sources */,
				33DE2A281DBFD64900D27B3A /* LoginViewController.swift in Sources */,
				33DE2A241DBFBE5D00D27B3A /* AppController.swift in Sources */,
				FA19610E1DE558ED009E89CA /* TabController.swift in Sources */,
				FA19610C1DE558D9009E89CA /* NavController.swift in Sources */,
			);
			runOnlyForDeploymentPostprocessing = 0;
		};
/* End PBXSourcesBuildPhase section */

/* Begin PBXVariantGroup section */
		33DE2A131DBF091B00D27B3A /* Main.storyboard */ = {
			isa = PBXVariantGroup;
			children = (
				33DE2A141DBF091B00D27B3A /* Base */,
			);
			name = Main.storyboard;
			sourceTree = "<group>";
		};
		33DE2A181DBF091B00D27B3A /* LaunchScreen.storyboard */ = {
			isa = PBXVariantGroup;
			children = (
				33DE2A191DBF091B00D27B3A /* Base */,
			);
			name = LaunchScreen.storyboard;
			sourceTree = "<group>";
		};
/* End PBXVariantGroup section */

/* Begin XCBuildConfiguration section */
		33DE2A1C1DBF091B00D27B3A /* Debug */ = {
			isa = XCBuildConfiguration;
			buildSettings = {
				ALWAYS_SEARCH_USER_PATHS = NO;
				CLANG_ANALYZER_NONNULL = YES;
				CLANG_CXX_LANGUAGE_STANDARD = "gnu++0x";
				CLANG_CXX_LIBRARY = "libc++";
				CLANG_ENABLE_MODULES = YES;
				CLANG_ENABLE_OBJC_ARC = YES;
				CLANG_WARN_BOOL_CONVERSION = YES;
				CLANG_WARN_CONSTANT_CONVERSION = YES;
				CLANG_WARN_DIRECT_OBJC_ISA_USAGE = YES_ERROR;
				CLANG_WARN_DOCUMENTATION_COMMENTS = YES;
				CLANG_WARN_EMPTY_BODY = YES;
				CLANG_WARN_ENUM_CONVERSION = YES;
				CLANG_WARN_INFINITE_RECURSION = YES;
				CLANG_WARN_INT_CONVERSION = YES;
				CLANG_WARN_OBJC_ROOT_CLASS = YES_ERROR;
				CLANG_WARN_SUSPICIOUS_MOVE = YES;
				CLANG_WARN_SUSPICIOUS_MOVES = YES;
				CLANG_WARN_UNREACHABLE_CODE = YES;
				CLANG_WARN__DUPLICATE_METHOD_MATCH = YES;
				"CODE_SIGN_IDENTITY[sdk=iphoneos*]" = "iPhone Developer";
				COPY_PHASE_STRIP = NO;
				DEBUG_INFORMATION_FORMAT = dwarf;
				ENABLE_STRICT_OBJC_MSGSEND = YES;
				ENABLE_TESTABILITY = YES;
				GCC_C_LANGUAGE_STANDARD = gnu99;
				GCC_DYNAMIC_NO_PIC = NO;
				GCC_NO_COMMON_BLOCKS = YES;
				GCC_OPTIMIZATION_LEVEL = 0;
				GCC_PREPROCESSOR_DEFINITIONS = (
					"DEBUG=1",
					"$(inherited)",
				);
				GCC_WARN_64_TO_32_BIT_CONVERSION = YES;
				GCC_WARN_ABOUT_RETURN_TYPE = YES_ERROR;
				GCC_WARN_UNDECLARED_SELECTOR = YES;
				GCC_WARN_UNINITIALIZED_AUTOS = YES_AGGRESSIVE;
				GCC_WARN_UNUSED_FUNCTION = YES;
				GCC_WARN_UNUSED_VARIABLE = YES;
				IPHONEOS_DEPLOYMENT_TARGET = 10.0;
				MTL_ENABLE_DEBUG_INFO = YES;
				ONLY_ACTIVE_ARCH = YES;
				SDKROOT = iphoneos;
				SWIFT_ACTIVE_COMPILATION_CONDITIONS = DEBUG;
				SWIFT_OPTIMIZATION_LEVEL = "-Onone";
			};
			name = Debug;
		};
		33DE2A1D1DBF091B00D27B3A /* Release */ = {
			isa = XCBuildConfiguration;
			buildSettings = {
				ALWAYS_SEARCH_USER_PATHS = NO;
				CLANG_ANALYZER_NONNULL = YES;
				CLANG_CXX_LANGUAGE_STANDARD = "gnu++0x";
				CLANG_CXX_LIBRARY = "libc++";
				CLANG_ENABLE_MODULES = YES;
				CLANG_ENABLE_OBJC_ARC = YES;
				CLANG_WARN_BOOL_CONVERSION = YES;
				CLANG_WARN_CONSTANT_CONVERSION = YES;
				CLANG_WARN_DIRECT_OBJC_ISA_USAGE = YES_ERROR;
				CLANG_WARN_DOCUMENTATION_COMMENTS = YES;
				CLANG_WARN_EMPTY_BODY = YES;
				CLANG_WARN_ENUM_CONVERSION = YES;
				CLANG_WARN_INFINITE_RECURSION = YES;
				CLANG_WARN_INT_CONVERSION = YES;
				CLANG_WARN_OBJC_ROOT_CLASS = YES_ERROR;
				CLANG_WARN_SUSPICIOUS_MOVE = YES;
				CLANG_WARN_SUSPICIOUS_MOVES = YES;
				CLANG_WARN_UNREACHABLE_CODE = YES;
				CLANG_WARN__DUPLICATE_METHOD_MATCH = YES;
				"CODE_SIGN_IDENTITY[sdk=iphoneos*]" = "iPhone Developer";
				COPY_PHASE_STRIP = NO;
				DEBUG_INFORMATION_FORMAT = "dwarf-with-dsym";
				ENABLE_NS_ASSERTIONS = NO;
				ENABLE_STRICT_OBJC_MSGSEND = YES;
				GCC_C_LANGUAGE_STANDARD = gnu99;
				GCC_NO_COMMON_BLOCKS = YES;
				GCC_WARN_64_TO_32_BIT_CONVERSION = YES;
				GCC_WARN_ABOUT_RETURN_TYPE = YES_ERROR;
				GCC_WARN_UNDECLARED_SELECTOR = YES;
				GCC_WARN_UNINITIALIZED_AUTOS = YES_AGGRESSIVE;
				GCC_WARN_UNUSED_FUNCTION = YES;
				GCC_WARN_UNUSED_VARIABLE = YES;
				IPHONEOS_DEPLOYMENT_TARGET = 10.0;
				MTL_ENABLE_DEBUG_INFO = NO;
				SDKROOT = iphoneos;
				SWIFT_OPTIMIZATION_LEVEL = "-Owholemodule";
				VALIDATE_PRODUCT = YES;
			};
			name = Release;
		};
		33DE2A1F1DBF091B00D27B3A /* Debug */ = {
			isa = XCBuildConfiguration;
			baseConfigurationReference = FC901EC9C7D681334833049F /* Pods-circuito.debug.xcconfig */;
			buildSettings = {
				ALWAYS_EMBED_SWIFT_STANDARD_LIBRARIES = YES;
				ASSETCATALOG_COMPILER_APPICON_NAME = AppIcon;
				DEVELOPMENT_TEAM = 6N44926E3E;
				INFOPLIST_FILE = circuito/Info.plist;
				LD_RUNPATH_SEARCH_PATHS = "$(inherited) @executable_path/Frameworks";
				PRODUCT_BUNDLE_IDENTIFIER = hector.rincon.circuito;
				PRODUCT_NAME = "$(TARGET_NAME)";
				SWIFT_VERSION = 3.0;
				TARGETED_DEVICE_FAMILY = 1;
			};
			name = Debug;
		};
		33DE2A201DBF091B00D27B3A /* Release */ = {
			isa = XCBuildConfiguration;
			baseConfigurationReference = 0F507244AE70394263901BFE /* Pods-circuito.release.xcconfig */;
			buildSettings = {
				ALWAYS_EMBED_SWIFT_STANDARD_LIBRARIES = YES;
				ASSETCATALOG_COMPILER_APPICON_NAME = AppIcon;
				DEVELOPMENT_TEAM = 6N44926E3E;
				INFOPLIST_FILE = circuito/Info.plist;
				LD_RUNPATH_SEARCH_PATHS = "$(inherited) @executable_path/Frameworks";
				PRODUCT_BUNDLE_IDENTIFIER = hector.rincon.circuito;
				PRODUCT_NAME = "$(TARGET_NAME)";
				SWIFT_VERSION = 3.0;
				TARGETED_DEVICE_FAMILY = 1;
			};
			name = Release;
		};
/* End XCBuildConfiguration section */

/* Begin XCConfigurationList section */
		33DE2A071DBF091B00D27B3A /* Build configuration list for PBXProject "circuito" */ = {
			isa = XCConfigurationList;
			buildConfigurations = (
				33DE2A1C1DBF091B00D27B3A /* Debug */,
				33DE2A1D1DBF091B00D27B3A /* Release */,
			);
			defaultConfigurationIsVisible = 0;
			defaultConfigurationName = Release;
		};
		33DE2A1E1DBF091B00D27B3A /* Build configuration list for PBXNativeTarget "circuito" */ = {
			isa = XCConfigurationList;
			buildConfigurations = (
				33DE2A1F1DBF091B00D27B3A /* Debug */,
				33DE2A201DBF091B00D27B3A /* Release */,
			);
			defaultConfigurationIsVisible = 0;
			defaultConfigurationName = Release;
		};
/* End XCConfigurationList section */
	};
	rootObject = 33DE2A041DBF091B00D27B3A /* Project object */;
}
